{
  "name": "055_RIPT1306-20241-02_Class",
  "lockfileVersion": 3,
  "requires": true,
  "packages": {
    "": {
      "dependencies": {
        "framer-motion": "^11.5.6",
        "lucide": "^0.445.0",
        "lucide-react": "^0.445.0",
        "micromodal": "^0.4.10",
        "react-router-dom": "^6.26.2"
      }
    },
    "node_modules/@remix-run/router": {
      "version": "1.19.2",
      "resolved": "https://registry.npmjs.org/@remix-run/router/-/router-1.19.2.tgz",
      "integrity": "sha512-baiMx18+IMuD1yyvOGaHM9QrVUPGGG0jC+z+IPHnRJWUAUvaKuWKyE8gjDj2rzv3sz9zOGoRSPgeBVHRhZnBlA==",
      "license": "MIT",
      "engines": {
        "node": ">=14.0.0"
      }
    },
    "node_modules/framer-motion": {
      "version": "11.5.6",
      "resolved": "https://registry.npmjs.org/framer-motion/-/framer-motion-11.5.6.tgz",
      "integrity": "sha512-JMwUpAxv/DWgul9vPgX0ElKn0G66sUc6O9tOXsYwn3zxwvhxFljSXC0XT2QCzuTYBshwC8nyDAa1SYcV0Ldbhw==",
      "license": "MIT",
      "dependencies": {
        "tslib": "^2.4.0"
      },
      "peerDependencies": {
        "@emotion/is-prop-valid": "*",
        "react": "^18.0.0",
        "react-dom": "^18.0.0"
      },
      "peerDependenciesMeta": {
        "@emotion/is-prop-valid": {
          "optional": true
        },
        "react": {
          "optional": true
        },
        "react-dom": {
          "optional": true
        }
      }
    },
    "node_modules/js-tokens": {
      "version": "4.0.0",
      "resolved": "https://registry.npmjs.org/js-tokens/-/js-tokens-4.0.0.tgz",
      "integrity": "sha512-RdJUflcE3cUzKiMqQgsCu06FPu9UdIJO0beYbPhHN4k6apgJtifcoCtT9bcxOpYBtpD2kCM6Sbzg4CausW/PKQ==",
      "license": "MIT",
      "peer": true
    },
    "node_modules/loose-envify": {
      "version": "1.4.0",
      "resolved": "https://registry.npmjs.org/loose-envify/-/loose-envify-1.4.0.tgz",
      "integrity": "sha512-lyuxPGr/Wfhrlem2CL/UcnUc1zcqKAImBDzukY7Y5F/yQiNdko6+fRLevlw1HgMySw7f611UIY408EtxRSoK3Q==",
      "license": "MIT",
      "peer": true,
      "dependencies": {
        "js-tokens": "^3.0.0 || ^4.0.0"
      },
      "bin": {
        "loose-envify": "cli.js"
      }
    },
    "node_modules/lucide": {
      "version": "0.445.0",
      "resolved": "https://registry.npmjs.org/lucide/-/lucide-0.445.0.tgz",
      "integrity": "sha512-Xkaf7xwXnx2DQj6dHAAnEsL8LI0iSeqh1ObVr6CTw9eYLpRchfXHzB+VL6qypqAy18jZmCY1bu4U652dCTHC3Q==",
      "license": "ISC"
    },
    "node_modules/lucide-react": {
      "version": "0.445.0",
      "resolved": "https://registry.npmjs.org/lucide-react/-/lucide-react-0.445.0.tgz",
      "integrity": "sha512-YrLf3aAHvmd4dZ8ot+mMdNFrFpJD7YRwQ2pUcBhgqbmxtrMP4xDzIorcj+8y+6kpuXBF4JB0NOCTUWIYetJjgA==",
      "license": "ISC",
      "peerDependencies": {
        "react": "^16.5.1 || ^17.0.0 || ^18.0.0 || ^19.0.0-rc"
      }
    },
    "node_modules/micromodal": {
      "version": "0.4.10",
      "resolved": "https://registry.npmjs.org/micromodal/-/micromodal-0.4.10.tgz",
      "integrity": "sha512-BUrEnzMPFBwK8nOE4xUDYHLrlGlLULQVjpja99tpJQPSUEWgw3kTLp1n1qv0HmKU29AiHE7Y7sMLiRziDK4ghQ==",
      "license": "ISC",
      "engines": {
        "node": ">=10"
      }
    },
    "node_modules/react": {
      "version": "18.3.1",
      "resolved": "https://registry.npmjs.org/react/-/react-18.3.1.tgz",
      "integrity": "sha512-wS+hAgJShR0KhEvPJArfuPVN1+Hz1t0Y6n5jLrGQbkb4urgPE/0Rve+1kMB1v/oWgHgm4WIcV+i7F2pTVj+2iQ==",
      "license": "MIT",
      "peer": true,
      "dependencies": {
        "loose-envify": "^1.1.0"
      },
      "engines": {
        "node": ">=0.10.0"
      }
    },
    "node_modules/react-dom": {
      "version": "18.3.1",
      "resolved": "https://registry.npmjs.org/react-dom/-/react-dom-18.3.1.tgz",
      "integrity": "sha512-5m4nQKp+rZRb09LNH59GM4BxTh9251/ylbKIbpe7TpGxfJ+9kv6BLkLBXIjjspbgbnIBNqlI23tRnTWT0snUIw==",
      "license": "MIT",
      "peer": true,
      "dependencies": {
        "loose-envify": "^1.1.0",
        "scheduler": "^0.23.2"
      },
      "peerDependencies": {
        "react": "^18.3.1"
      }
    },
    "node_modules/react-router": {
      "version": "6.26.2",
      "resolved": "https://registry.npmjs.org/react-router/-/react-router-6.26.2.tgz",
      "integrity": "sha512-tvN1iuT03kHgOFnLPfLJ8V95eijteveqdOSk+srqfePtQvqCExB8eHOYnlilbOcyJyKnYkr1vJvf7YqotAJu1A==",
      "license": "MIT",
      "dependencies": {
        "@remix-run/router": "1.19.2"
      },
      "engines": {
        "node": ">=14.0.0"
      },
      "peerDependencies": {
        "react": ">=16.8"
      }
    },
    "node_modules/react-router-dom": {
      "version": "6.26.2",
      "resolved": "https://registry.npmjs.org/react-router-dom/-/react-router-dom-6.26.2.tgz",
      "integrity": "sha512-z7YkaEW0Dy35T3/QKPYB1LjMK2R1fxnHO8kWpUMTBdfVzZrWOiY9a7CtN8HqdWtDUWd5FY6Dl8HFsqVwH4uOtQ==",
      "license": "MIT",
      "dependencies": {
        "@remix-run/router": "1.19.2",
        "react-router": "6.26.2"
      },
      "engines": {
        "node": ">=14.0.0"
      },
      "peerDependencies": {
        "react": ">=16.8",
        "react-dom": ">=16.8"
      }
    },
    "node_modules/scheduler": {
      "version": "0.23.2",
      "resolved": "https://registry.npmjs.org/scheduler/-/scheduler-0.23.2.tgz",
      "integrity": "sha512-UOShsPwz7NrMUqhR6t0hWjFduvOzbtv7toDH1/hIrfRNIDBnnBWd0CwJTGvTpngVlmwGCdP9/Zl/tVrDqcuYzQ==",
      "license": "MIT",
      "peer": true,
      "dependencies": {
        "loose-envify": "^1.1.0"
      }
    },
    "node_modules/tslib": {
      "version": "2.7.0",
      "resolved": "https://registry.npmjs.org/tslib/-/tslib-2.7.0.tgz",
      "integrity": "sha512-gLXCKdN1/j47AiHiOkJN69hJmcbGTHI0ImLmbYLHykhgeN0jVGola9yVjFgzCUklsZQMW55o+dW7IXv3RCXDzA==",
      "license": "0BSD"
    }
  }
}
